
Microsoft Visual Studio Solution File, Format Version 12.00
# Visual Studio Version 16
VisualStudioVersion = 16.0.32802.440
MinimumVisualStudioVersion = 10.0.40219.1
Project("{FAE04EC0-301F-11D3-BF4B-00C04F79EFBC}") = "Capa_modelo", "Capa_modelo\Capa_modelo.csproj", "{A374D78A-FB8D-49E5-A87E-778207C68E8E}"
EndProject
Project("{FAE04EC0-301F-11D3-BF4B-00C04F79EFBC}") = "Capa_Controlador", "Capa_Controlador\Capa_Controlador.csproj", "{2504F3D2-1699-4B4D-B26B-2E57E73B6FEA}"
EndProject
Project("{FAE04EC0-301F-11D3-BF4B-00C04F79EFBC}") = "Capa_vista", "Capa_vista\Capa_vista.csproj", "{547709DD-F763-48F9-86AF-C7E0BA80FBE6}"
EndProject
Global
	GlobalSection(SolutionConfigurationPlatforms) = preSolution
		Debug|Any CPU = Debug|Any CPU
		Release|Any CPU = Release|Any CPU
	EndGlobalSection
	GlobalSection(ProjectConfigurationPlatforms) = postSolution
		{A374D78A-FB8D-49E5-A87E-778207C68E8E}.Debug|Any CPU.ActiveCfg = Debug|Any CPU
		{A374D78A-FB8D-49E5-A87E-778207C68E8E}.Debug|Any CPU.Build.0 = Debug|Any CPU
		{A374D78A-FB8D-49E5-A87E-778207C68E8E}.Release|Any CPU.ActiveCfg = Release|Any CPU
		{A374D78A-FB8D-49E5-A87E-778207C68E8E}.Release|Any CPU.Build.0 = Release|Any CPU
		{2504F3D2-1699-4B4D-B26B-2E57E73B6FEA}.Debug|Any CPU.ActiveCfg = Debug|Any CPU
		{2504F3D2-1699-4B4D-B26B-2E57E73B6FEA}.Debug|Any CPU.Build.0 = Debug|Any CPU
		{2504F3D2-1699-4B4D-B26B-2E57E73B6FEA}.Release|Any CPU.ActiveCfg = Release|Any CPU
		{2504F3D2-1699-4B4D-B26B-2E57E73B6FEA}.Release|Any CPU.Build.0 = Release|Any CPU
		{547709DD-F763-48F9-86AF-C7E0BA80FBE6}.Debug|Any CPU.ActiveCfg = Debug|Any CPU
		{547709DD-F763-48F9-86AF-C7E0BA80FBE6}.Debug|Any CPU.Build.0 = Debug|Any CPU
		{547709DD-F763-48F9-86AF-C7E0BA80FBE6}.Release|Any CPU.ActiveCfg = Release|Any CPU
		{547709DD-F763-48F9-86AF-C7E0BA80FBE6}.Release|Any CPU.Build.0 = Release|Any CPU
	EndGlobalSection
	GlobalSection(SolutionProperties) = preSolution
		HideSolutionNode = FALSE
	EndGlobalSection
	GlobalSection(ExtensibilityGlobals) = postSolution
		SolutionGuid = {41BA8D85-22C6-46E0-8618-76D2272BA480}
	EndGlobalSection
EndGlobal
