
Microsoft Visual Studio Solution File, Format Version 12.00
# Visual Studio Version 16
VisualStudioVersion = 16.0.32802.440
MinimumVisualStudioVersion = 10.0.40219.1
Project("{FAE04EC0-301F-11D3-BF4B-00C04F79EFBC}") = "CapaVista", "CapaVista\CapaVista.csproj", "{AE3A62B4-24DC-4DEF-8D88-56DD40B32802}"
EndProject
Project("{FAE04EC0-301F-11D3-BF4B-00C04F79EFBC}") = "CapaControlador", "CapaControlador\CapaControlador.csproj", "{B3A966B4-B7AE-4E9F-B92D-536D8673E92F}"
EndProject
Project("{FAE04EC0-301F-11D3-BF4B-00C04F79EFBC}") = "CapaModelo", "CapaModelo\CapaModelo.csproj", "{2A3546A7-DF8D-4B0C-9063-AA8A0CF710C4}"
EndProject
Global
	GlobalSection(SolutionConfigurationPlatforms) = preSolution
		Debug|Any CPU = Debug|Any CPU
		Release|Any CPU = Release|Any CPU
	EndGlobalSection
	GlobalSection(ProjectConfigurationPlatforms) = postSolution
		{AE3A62B4-24DC-4DEF-8D88-56DD40B32802}.Debug|Any CPU.ActiveCfg = Debug|Any CPU
		{AE3A62B4-24DC-4DEF-8D88-56DD40B32802}.Debug|Any CPU.Build.0 = Debug|Any CPU
		{AE3A62B4-24DC-4DEF-8D88-56DD40B32802}.Release|Any CPU.ActiveCfg = Release|Any CPU
		{AE3A62B4-24DC-4DEF-8D88-56DD40B32802}.Release|Any CPU.Build.0 = Release|Any CPU
		{B3A966B4-B7AE-4E9F-B92D-536D8673E92F}.Debug|Any CPU.ActiveCfg = Debug|Any CPU
		{B3A966B4-B7AE-4E9F-B92D-536D8673E92F}.Debug|Any CPU.Build.0 = Debug|Any CPU
		{B3A966B4-B7AE-4E9F-B92D-536D8673E92F}.Release|Any CPU.ActiveCfg = Release|Any CPU
		{B3A966B4-B7AE-4E9F-B92D-536D8673E92F}.Release|Any CPU.Build.0 = Release|Any CPU
		{2A3546A7-DF8D-4B0C-9063-AA8A0CF710C4}.Debug|Any CPU.ActiveCfg = Debug|Any CPU
		{2A3546A7-DF8D-4B0C-9063-AA8A0CF710C4}.Debug|Any CPU.Build.0 = Debug|Any CPU
		{2A3546A7-DF8D-4B0C-9063-AA8A0CF710C4}.Release|Any CPU.ActiveCfg = Release|Any CPU
		{2A3546A7-DF8D-4B0C-9063-AA8A0CF710C4}.Release|Any CPU.Build.0 = Release|Any CPU
	EndGlobalSection
	GlobalSection(SolutionProperties) = preSolution
		HideSolutionNode = FALSE
	EndGlobalSection
	GlobalSection(ExtensibilityGlobals) = postSolution
		SolutionGuid = {AB16E232-1450-477C-9922-08D1A40329D7}
	EndGlobalSection
EndGlobal
