
Microsoft Visual Studio Solution File, Format Version 12.00
# Visual Studio Version 16
VisualStudioVersion = 16.0.32802.440
MinimumVisualStudioVersion = 10.0.40219.1
Project("{FAE04EC0-301F-11D3-BF4B-00C04F79EFBC}") = "Capa Vista", "Capa Vista\Capa Vista.csproj", "{A32A49D4-9A87-453B-9499-969F89530D8A}"
EndProject
Project("{FAE04EC0-301F-11D3-BF4B-00C04F79EFBC}") = "Capa Modelo", "Capa Modelo\Capa Modelo.csproj", "{AB54FC7C-AB3B-41FC-901F-B8281F24A5CF}"
EndProject
Project("{FAE04EC0-301F-11D3-BF4B-00C04F79EFBC}") = "Capa Controlador", "Capa Controlador\Capa Controlador.csproj", "{24FF3E87-5144-4EF6-B809-905004A8D237}"
EndProject
Global
	GlobalSection(SolutionConfigurationPlatforms) = preSolution
		Debug|Any CPU = Debug|Any CPU
		Release|Any CPU = Release|Any CPU
	EndGlobalSection
	GlobalSection(ProjectConfigurationPlatforms) = postSolution
		{A32A49D4-9A87-453B-9499-969F89530D8A}.Debug|Any CPU.ActiveCfg = Debug|Any CPU
		{A32A49D4-9A87-453B-9499-969F89530D8A}.Debug|Any CPU.Build.0 = Debug|Any CPU
		{A32A49D4-9A87-453B-9499-969F89530D8A}.Release|Any CPU.ActiveCfg = Release|Any CPU
		{A32A49D4-9A87-453B-9499-969F89530D8A}.Release|Any CPU.Build.0 = Release|Any CPU
		{AB54FC7C-AB3B-41FC-901F-B8281F24A5CF}.Debug|Any CPU.ActiveCfg = Debug|Any CPU
		{AB54FC7C-AB3B-41FC-901F-B8281F24A5CF}.Debug|Any CPU.Build.0 = Debug|Any CPU
		{AB54FC7C-AB3B-41FC-901F-B8281F24A5CF}.Release|Any CPU.ActiveCfg = Release|Any CPU
		{AB54FC7C-AB3B-41FC-901F-B8281F24A5CF}.Release|Any CPU.Build.0 = Release|Any CPU
		{24FF3E87-5144-4EF6-B809-905004A8D237}.Debug|Any CPU.ActiveCfg = Debug|Any CPU
		{24FF3E87-5144-4EF6-B809-905004A8D237}.Debug|Any CPU.Build.0 = Debug|Any CPU
		{24FF3E87-5144-4EF6-B809-905004A8D237}.Release|Any CPU.ActiveCfg = Release|Any CPU
		{24FF3E87-5144-4EF6-B809-905004A8D237}.Release|Any CPU.Build.0 = Release|Any CPU
	EndGlobalSection
	GlobalSection(SolutionProperties) = preSolution
		HideSolutionNode = FALSE
	EndGlobalSection
	GlobalSection(ExtensibilityGlobals) = postSolution
		SolutionGuid = {153D0A0A-CFC0-4EC3-B389-7264693E3A80}
	EndGlobalSection
EndGlobal
